
Microsoft Visual Studio Solution File, Format Version 12.00
# Visual Studio Version 17
VisualStudioVersion = 17.5.33209.295
MinimumVisualStudioVersion = 10.0.40219.1
Project("{FAE04EC0-301F-11D3-BF4B-00C04F79EFBC}") = "Unit1-Mine", "Unit1-Mine.csproj", "{AC26445D-5098-40D9-A438-96DCA2E51218}"
EndProject
Project("{FAE04EC0-301F-11D3-BF4B-00C04F79EFBC}") = "ClassAskiaa", "..\ClassAskiaa\ClassAskiaa.csproj", "{E55F9651-E465-4428-B69A-29A4CF812366}"
EndProject
Global
	GlobalSection(SolutionConfigurationPlatforms) = preSolution
		Debug|Any CPU = Debug|Any CPU
		Release|Any CPU = Release|Any CPU
	EndGlobalSection
	GlobalSection(ProjectConfigurationPlatforms) = postSolution
		{AC26445D-5098-40D9-A438-96DCA2E51218}.Debug|Any CPU.ActiveCfg = Debug|Any CPU
		{AC26445D-5098-40D9-A438-96DCA2E51218}.Debug|Any CPU.Build.0 = Debug|Any CPU
		{AC26445D-5098-40D9-A438-96DCA2E51218}.Release|Any CPU.ActiveCfg = Release|Any CPU
		{AC26445D-5098-40D9-A438-96DCA2E51218}.Release|Any CPU.Build.0 = Release|Any CPU
		{E55F9651-E465-4428-B69A-29A4CF812366}.Debug|Any CPU.ActiveCfg = Debug|Any CPU
		{E55F9651-E465-4428-B69A-29A4CF812366}.Debug|Any CPU.Build.0 = Debug|Any CPU
		{E55F9651-E465-4428-B69A-29A4CF812366}.Release|Any CPU.ActiveCfg = Release|Any CPU
		{E55F9651-E465-4428-B69A-29A4CF812366}.Release|Any CPU.Build.0 = Release|Any CPU
	EndGlobalSection
	GlobalSection(SolutionProperties) = preSolution
		HideSolutionNode = FALSE
	EndGlobalSection
	GlobalSection(ExtensibilityGlobals) = postSolution
		SolutionGuid = {F2763579-614B-43AE-91E2-21CCF487A8FC}
	EndGlobalSection
EndGlobal
